// !$*UTF8*$!
{
	archiveVersion = 1;
	classes = {
	};
	objectVersion = 56;
	objects = {

/* Begin PBXBuildFile section */
		9914EEDE2BF3590D00C6ECD6 /* AppDelegate.swift in Sources */ = {isa = PBXBuildFile; fileRef = 9914EEDD2BF3590D00C6ECD6 /* AppDelegate.swift */; };
		9914EEE02BF3590D00C6ECD6 /* SceneDelegate.swift in Sources */ = {isa = PBXBuildFile; fileRef = 9914EEDF2BF3590D00C6ECD6 /* SceneDelegate.swift */; };
		9914EEE22BF3590D00C6ECD6 /* ViewController.swift in Sources */ = {isa = PBXBuildFile; fileRef = 9914EEE12BF3590D00C6ECD6 /* ViewController.swift */; };
		9914EEE72BF3590F00C6ECD6 /* Assets.xcassets in Resources */ = {isa = PBXBuildFile; fileRef = 9914EEE62BF3590F00C6ECD6 /* Assets.xcassets */; };
		9914EEEA2BF3590F00C6ECD6 /* Base in Resources */ = {isa = PBXBuildFile; fileRef = 9914EEE92BF3590F00C6ECD6 /* Base */; };
		99A43E132BF5DAAE000A6090 /* SearchViewController.swift in Sources */ = {isa = PBXBuildFile; fileRef = 99A43E122BF5DAAE000A6090 /* SearchViewController.swift */; };
		99A43E162BF5F3E4000A6090 /* HomeViewController.swift in Sources */ = {isa = PBXBuildFile; fileRef = 99A43E152BF5F3E4000A6090 /* HomeViewController.swift */; };
		99A43E182BF5F3FE000A6090 /* NewHotViewController.swift in Sources */ = {isa = PBXBuildFile; fileRef = 99A43E172BF5F3FE000A6090 /* NewHotViewController.swift */; };
		99A43E1A2BF5F415000A6090 /* MySavedListViewController.swift in Sources */ = {isa = PBXBuildFile; fileRef = 99A43E192BF5F415000A6090 /* MySavedListViewController.swift */; };
		99A43E1C2BF5F97C000A6090 /* SignUpViewController.swift in Sources */ = {isa = PBXBuildFile; fileRef = 99A43E1B2BF5F97C000A6090 /* SignUpViewController.swift */; };
		99F75BCA2BF7161F00275A04 /* Main.storyboard in Resources */ = {isa = PBXBuildFile; fileRef = 99F75BC92BF7161F00275A04 /* Main.storyboard */; };
/* End PBXBuildFile section */

/* Begin PBXFileReference section */
		9914EEDA2BF3590D00C6ECD6 /* Netflix_Project.app */ = {isa = PBXFileReference; explicitFileType = wrapper.application; includeInIndex = 0; path = Netflix_Project.app; sourceTree = BUILT_PRODUCTS_DIR; };
		9914EEDD2BF3590D00C6ECD6 /* AppDelegate.swift */ = {isa = PBXFileReference; lastKnownFileType = sourcecode.swift; path = AppDelegate.swift; sourceTree = "<group>"; };
		9914EEDF2BF3590D00C6ECD6 /* SceneDelegate.swift */ = {isa = PBXFileReference; lastKnownFileType = sourcecode.swift; path = SceneDelegate.swift; sourceTree = "<group>"; };
		9914EEE12BF3590D00C6ECD6 /* ViewController.swift */ = {isa = PBXFileReference; lastKnownFileType = sourcecode.swift; path = ViewController.swift; sourceTree = "<group>"; };
		9914EEE62BF3590F00C6ECD6 /* Assets.xcassets */ = {isa = PBXFileReference; lastKnownFileType = folder.assetcatalog; path = Assets.xcassets; sourceTree = "<group>"; };
		9914EEE92BF3590F00C6ECD6 /* Base */ = {isa = PBXFileReference; lastKnownFileType = file.storyboard; name = Base; path = Base.lproj/LaunchScreen.storyboard; sourceTree = "<group>"; };
		9914EEEB2BF3590F00C6ECD6 /* Info.plist */ = {isa = PBXFileReference; lastKnownFileType = text.plist.xml; path = Info.plist; sourceTree = "<group>"; };
		99A43E122BF5DAAE000A6090 /* SearchViewController.swift */ = {isa = PBXFileReference; lastKnownFileType = sourcecode.swift; path = SearchViewController.swift; sourceTree = "<group>"; };
		99A43E152BF5F3E4000A6090 /* HomeViewController.swift */ = {isa = PBXFileReference; lastKnownFileType = sourcecode.swift; path = HomeViewController.swift; sourceTree = "<group>"; };
		99A43E172BF5F3FE000A6090 /* NewHotViewController.swift */ = {isa = PBXFileReference; lastKnownFileType = sourcecode.swift; path = NewHotViewController.swift; sourceTree = "<group>"; };
		99A43E192BF5F415000A6090 /* MySavedListViewController.swift */ = {isa = PBXFileReference; lastKnownFileType = sourcecode.swift; path = MySavedListViewController.swift; sourceTree = "<group>"; };
		99A43E1B2BF5F97C000A6090 /* SignUpViewController.swift */ = {isa = PBXFileReference; lastKnownFileType = sourcecode.swift; path = SignUpViewController.swift; sourceTree = "<group>"; };
		99F75BC92BF7161F00275A04 /* Main.storyboard */ = {isa = PBXFileReference; fileEncoding = 4; lastKnownFileType = file.storyboard; path = Main.storyboard; sourceTree = "<group>"; };
/* End PBXFileReference section */

/* Begin PBXFrameworksBuildPhase section */
		9914EED72BF3590D00C6ECD6 /* Frameworks */ = {
			isa = PBXFrameworksBuildPhase;
			buildActionMask = 2147483647;
			files = (
			);
			runOnlyForDeploymentPostprocessing = 0;
		};
/* End PBXFrameworksBuildPhase section */

/* Begin PBXGroup section */
		9914EED12BF3590D00C6ECD6 = {
			isa = PBXGroup;
			children = (
				9914EEDC2BF3590D00C6ECD6 /* Netflix_Project */,
				9914EEDB2BF3590D00C6ECD6 /* Products */,
			);
			sourceTree = "<group>";
		};
		9914EEDB2BF3590D00C6ECD6 /* Products */ = {
			isa = PBXGroup;
			children = (
				9914EEDA2BF3590D00C6ECD6 /* Netflix_Project.app */,
			);
			name = Products;
			sourceTree = "<group>";
		};
		9914EEDC2BF3590D00C6ECD6 /* Netflix_Project */ = {
			isa = PBXGroup;
			children = (
				99A43E142BF5F3CD000A6090 /* TabBar */,
				9914EEDD2BF3590D00C6ECD6 /* AppDelegate.swift */,
				99A43E1B2BF5F97C000A6090 /* SignUpViewController.swift */,
				9914EEDF2BF3590D00C6ECD6 /* SceneDelegate.swift */,
				9914EEE12BF3590D00C6ECD6 /* ViewController.swift */,
				99F75BC92BF7161F00275A04 /* Main.storyboard */,
				9914EEE62BF3590F00C6ECD6 /* Assets.xcassets */,
				9914EEE82BF3590F00C6ECD6 /* LaunchScreen.storyboard */,
				9914EEEB2BF3590F00C6ECD6 /* Info.plist */,
				99A43E122BF5DAAE000A6090 /* SearchViewController.swift */,
			);
			path = Netflix_Project;
			sourceTree = "<group>";
		};
		99A43E142BF5F3CD000A6090 /* TabBar */ = {
			isa = PBXGroup;
			children = (
				99A43E152BF5F3E4000A6090 /* HomeViewController.swift */,
				99A43E172BF5F3FE000A6090 /* NewHotViewController.swift */,
				99A43E192BF5F415000A6090 /* MySavedListViewController.swift */,
			);
			path = TabBar;
			sourceTree = "<group>";
		};
/* End PBXGroup section */

/* Begin PBXNativeTarget section */
		9914EED92BF3590D00C6ECD6 /* Netflix_Project */ = {
			isa = PBXNativeTarget;
			buildConfigurationList = 9914EEEE2BF3590F00C6ECD6 /* Build configuration list for PBXNativeTarget "Netflix_Project" */;
			buildPhases = (
				9914EED62BF3590D00C6ECD6 /* Sources */,
				9914EED72BF3590D00C6ECD6 /* Frameworks */,
				9914EED82BF3590D00C6ECD6 /* Resources */,
			);
			buildRules = (
			);
			dependencies = (
			);
			name = Netflix_Project;
			productName = Netflix_Project;
			productReference = 9914EEDA2BF3590D00C6ECD6 /* Netflix_Project.app */;
			productType = "com.apple.product-type.application";
		};
/* End PBXNativeTarget section */

/* Begin PBXProject section */
		9914EED22BF3590D00C6ECD6 /* Project object */ = {
			isa = PBXProject;
			attributes = {
				BuildIndependentTargetsInParallel = 1;
				LastSwiftUpdateCheck = 1530;
				LastUpgradeCheck = 1530;
				TargetAttributes = {
					9914EED92BF3590D00C6ECD6 = {
						CreatedOnToolsVersion = 15.3;
					};
				};
			};
			buildConfigurationList = 9914EED52BF3590D00C6ECD6 /* Build configuration list for PBXProject "Netflix_Project" */;
			compatibilityVersion = "Xcode 14.0";
			developmentRegion = en;
			hasScannedForEncodings = 0;
			knownRegions = (
				en,
				Base,
			);
			mainGroup = 9914EED12BF3590D00C6ECD6;
			productRefGroup = 9914EEDB2BF3590D00C6ECD6 /* Products */;
			projectDirPath = "";
			projectRoot = "";
			targets = (
				9914EED92BF3590D00C6ECD6 /* Netflix_Project */,
			);
		};
/* End PBXProject section */

/* Begin PBXResourcesBuildPhase section */
		9914EED82BF3590D00C6ECD6 /* Resources */ = {
			isa = PBXResourcesBuildPhase;
			buildActionMask = 2147483647;
			files = (
				9914EEE72BF3590F00C6ECD6 /* Assets.xcassets in Resources */,
				9914EEEA2BF3590F00C6ECD6 /* Base in Resources */,
				99F75BCA2BF7161F00275A04 /* Main.storyboard in Resources */,
			);
			runOnlyForDeploymentPostprocessing = 0;
		};
/* End PBXResourcesBuildPhase section */

/* Begin PBXSourcesBuildPhase section */
		9914EED62BF3590D00C6ECD6 /* Sources */ = {
			isa = PBXSourcesBuildPhase;
			buildActionMask = 2147483647;
			files = (
				99A43E162BF5F3E4000A6090 /* HomeViewController.swift in Sources */,
				99A43E182BF5F3FE000A6090 /* NewHotViewController.swift in Sources */,
				99A43E1C2BF5F97C000A6090 /* SignUpViewController.swift in Sources */,
				9914EEE22BF3590D00C6ECD6 /* ViewController.swift in Sources */,
				9914EEDE2BF3590D00C6ECD6 /* AppDelegate.swift in Sources */,
				99A43E132BF5DAAE000A6090 /* SearchViewController.swift in Sources */,
				99A43E1A2BF5F415000A6090 /* MySavedListViewController.swift in Sources */,
				9914EEE02BF3590D00C6ECD6 /* SceneDelegate.swift in Sources */,
			);
			runOnlyForDeploymentPostprocessing = 0;
		};
/* End PBXSourcesBuildPhase section */

/* Begin PBXVariantGroup section */
		9914EEE82BF3590F00C6ECD6 /* LaunchScreen.storyboard */ = {
			isa = PBXVariantGroup;
			children = (
				9914EEE92BF3590F00C6ECD6 /* Base */,
			);
			name = LaunchScreen.storyboard;
			sourceTree = "<group>";
		};
/* End PBXVariantGroup section */

/* Begin XCBuildConfiguration section */
		9914EEEC2BF3590F00C6ECD6 /* Debug */ = {
			isa = XCBuildConfiguration;
			buildSettings = {
				ALWAYS_SEARCH_USER_PATHS = NO;
				ASSETCATALOG_COMPILER_GENERATE_SWIFT_ASSET_SYMBOL_EXTENSIONS = YES;
				CLANG_ANALYZER_NONNULL = YES;
				CLANG_ANALYZER_NUMBER_OBJECT_CONVERSION = YES_AGGRESSIVE;
				CLANG_CXX_LANGUAGE_STANDARD = "gnu++20";
				CLANG_ENABLE_MODULES = YES;
				CLANG_ENABLE_OBJC_ARC = YES;
				CLANG_ENABLE_OBJC_WEAK = YES;
				CLANG_WARN_BLOCK_CAPTURE_AUTORELEASING = YES;
				CLANG_WARN_BOOL_CONVERSION = YES;
				CLANG_WARN_COMMA = YES;
				CLANG_WARN_CONSTANT_CONVERSION = YES;
				CLANG_WARN_DEPRECATED_OBJC_IMPLEMENTATIONS = YES;
				CLANG_WARN_DIRECT_OBJC_ISA_USAGE = YES_ERROR;
				CLANG_WARN_DOCUMENTATION_COMMENTS = YES;
				CLANG_WARN_EMPTY_BODY = YES;
				CLANG_WARN_ENUM_CONVERSION = YES;
				CLANG_WARN_INFINITE_RECURSION = YES;
				CLANG_WARN_INT_CONVERSION = YES;
				CLANG_WARN_NON_LITERAL_NULL_CONVERSION = YES;
				CLANG_WARN_OBJC_IMPLICIT_RETAIN_SELF = YES;
				CLANG_WARN_OBJC_LITERAL_CONVERSION = YES;
				CLANG_WARN_OBJC_ROOT_CLASS = YES_ERROR;
				CLANG_WARN_QUOTED_INCLUDE_IN_FRAMEWORK_HEADER = YES;
				CLANG_WARN_RANGE_LOOP_ANALYSIS = YES;
				CLANG_WARN_STRICT_PROTOTYPES = YES;
				CLANG_WARN_SUSPICIOUS_MOVE = YES;
				CLANG_WARN_UNGUARDED_AVAILABILITY = YES_AGGRESSIVE;
				CLANG_WARN_UNREACHABLE_CODE = YES;
				CLANG_WARN__DUPLICATE_METHOD_MATCH = YES;
				COPY_PHASE_STRIP = NO;
				DEBUG_INFORMATION_FORMAT = dwarf;
				ENABLE_STRICT_OBJC_MSGSEND = YES;
				ENABLE_TESTABILITY = YES;
				ENABLE_USER_SCRIPT_SANDBOXING = YES;
				GCC_C_LANGUAGE_STANDARD = gnu17;
				GCC_DYNAMIC_NO_PIC = NO;
				GCC_NO_COMMON_BLOCKS = YES;
				GCC_OPTIMIZATION_LEVEL = 0;
				GCC_PREPROCESSOR_DEFINITIONS = (
					"DEBUG=1",
					"$(inherited)",
				);
				GCC_WARN_64_TO_32_BIT_CONVERSION = YES;
				GCC_WARN_ABOUT_RETURN_TYPE = YES_ERROR;
				GCC_WARN_UNDECLARED_SELECTOR = YES;
				GCC_WARN_UNINITIALIZED_AUTOS = YES_AGGRESSIVE;
				GCC_WARN_UNUSED_FUNCTION = YES;
				GCC_WARN_UNUSED_VARIABLE = YES;
				IPHONEOS_DEPLOYMENT_TARGET = 17.4;
				LOCALIZATION_PREFERS_STRING_CATALOGS = YES;
				MTL_ENABLE_DEBUG_INFO = INCLUDE_SOURCE;
				MTL_FAST_MATH = YES;
				ONLY_ACTIVE_ARCH = YES;
				SDKROOT = iphoneos;
				SWIFT_ACTIVE_COMPILATION_CONDITIONS = "DEBUG $(inherited)";
				SWIFT_OPTIMIZATION_LEVEL = "-Onone";
			};
			name = Debug;
		};
		9914EEED2BF3590F00C6ECD6 /* Release */ = {
			isa = XCBuildConfiguration;
			buildSettings = {
				ALWAYS_SEARCH_USER_PATHS = NO;
				ASSETCATALOG_COMPILER_GENERATE_SWIFT_ASSET_SYMBOL_EXTENSIONS = YES;
				CLANG_ANALYZER_NONNULL = YES;
				CLANG_ANALYZER_NUMBER_OBJECT_CONVERSION = YES_AGGRESSIVE;
				CLANG_CXX_LANGUAGE_STANDARD = "gnu++20";
				CLANG_ENABLE_MODULES = YES;
				CLANG_ENABLE_OBJC_ARC = YES;
				CLANG_ENABLE_OBJC_WEAK = YES;
				CLANG_WARN_BLOCK_CAPTURE_AUTORELEASING = YES;
				CLANG_WARN_BOOL_CONVERSION = YES;
				CLANG_WARN_COMMA = YES;
				CLANG_WARN_CONSTANT_CONVERSION = YES;
				CLANG_WARN_DEPRECATED_OBJC_IMPLEMENTATIONS = YES;
				CLANG_WARN_DIRECT_OBJC_ISA_USAGE = YES_ERROR;
				CLANG_WARN_DOCUMENTATION_COMMENTS = YES;
				CLANG_WARN_EMPTY_BODY = YES;
				CLANG_WARN_ENUM_CONVERSION = YES;
				CLANG_WARN_INFINITE_RECURSION = YES;
				CLANG_WARN_INT_CONVERSION = YES;
				CLANG_WARN_NON_LITERAL_NULL_CONVERSION = YES;
				CLANG_WARN_OBJC_IMPLICIT_RETAIN_SELF = YES;
				CLANG_WARN_OBJC_LITERAL_CONVERSION = YES;
				CLANG_WARN_OBJC_ROOT_CLASS = YES_ERROR;
				CLANG_WARN_QUOTED_INCLUDE_IN_FRAMEWORK_HEADER = YES;
				CLANG_WARN_RANGE_LOOP_ANALYSIS = YES;
				CLANG_WARN_STRICT_PROTOTYPES = YES;
				CLANG_WARN_SUSPICIOUS_MOVE = YES;
				CLANG_WARN_UNGUARDED_AVAILABILITY = YES_AGGRESSIVE;
				CLANG_WARN_UNREACHABLE_CODE = YES;
				CLANG_WARN__DUPLICATE_METHOD_MATCH = YES;
				COPY_PHASE_STRIP = NO;
				DEBUG_INFORMATION_FORMAT = "dwarf-with-dsym";
				ENABLE_NS_ASSERTIONS = NO;
				ENABLE_STRICT_OBJC_MSGSEND = YES;
				ENABLE_USER_SCRIPT_SANDBOXING = YES;
				GCC_C_LANGUAGE_STANDARD = gnu17;
				GCC_NO_COMMON_BLOCKS = YES;
				GCC_WARN_64_TO_32_BIT_CONVERSION = YES;
				GCC_WARN_ABOUT_RETURN_TYPE = YES_ERROR;
				GCC_WARN_UNDECLARED_SELECTOR = YES;
				GCC_WARN_UNINITIALIZED_AUTOS = YES_AGGRESSIVE;
				GCC_WARN_UNUSED_FUNCTION = YES;
				GCC_WARN_UNUSED_VARIABLE = YES;
				IPHONEOS_DEPLOYMENT_TARGET = 17.4;
				LOCALIZATION_PREFERS_STRING_CATALOGS = YES;
				MTL_ENABLE_DEBUG_INFO = NO;
				MTL_FAST_MATH = YES;
				SDKROOT = iphoneos;
				SWIFT_COMPILATION_MODE = wholemodule;
				VALIDATE_PRODUCT = YES;
			};
			name = Release;
		};
		9914EEEF2BF3590F00C6ECD6 /* Debug */ = {
			isa = XCBuildConfiguration;
			buildSettings = {
				ASSETCATALOG_COMPILER_APPICON_NAME = AppIcon;
				ASSETCATALOG_COMPILER_GLOBAL_ACCENT_COLOR_NAME = AccentColor;
				CODE_SIGN_STYLE = Automatic;
				CURRENT_PROJECT_VERSION = 1;
				DEVELOPMENT_TEAM = Y2VDXSZQ3M;
				GENERATE_INFOPLIST_FILE = YES;
				INFOPLIST_FILE = Netflix_Project/Info.plist;
				INFOPLIST_KEY_UIApplicationSupportsIndirectInputEvents = YES;
				INFOPLIST_KEY_UILaunchStoryboardName = LaunchScreen;
				INFOPLIST_KEY_UIMainStoryboardFile = Main;
				INFOPLIST_KEY_UISupportedInterfaceOrientations_iPad = "UIInterfaceOrientationPortrait UIInterfaceOrientationPortraitUpsideDown UIInterfaceOrientationLandscapeLeft UIInterfaceOrientationLandscapeRight";
				INFOPLIST_KEY_UISupportedInterfaceOrientations_iPhone = "UIInterfaceOrientationPortrait UIInterfaceOrientationLandscapeLeft UIInterfaceOrientationLandscapeRight";
				IPHONEOS_DEPLOYMENT_TARGET = 16.0;
				LD_RUNPATH_SEARCH_PATHS = (
					"$(inherited)",
					"@executable_path/Frameworks",
				);
				MARKETING_VERSION = 1.0;
				PRODUCT_BUNDLE_IDENTIFIER = "com.yun.Netflix-Project";
				PRODUCT_NAME = "$(TARGET_NAME)";
				SUPPORTED_PLATFORMS = "iphoneos iphonesimulator";
				SUPPORTS_MACCATALYST = NO;
				SUPPORTS_MAC_DESIGNED_FOR_IPHONE_IPAD = NO;
				SUPPORTS_XR_DESIGNED_FOR_IPHONE_IPAD = NO;
				SWIFT_EMIT_LOC_STRINGS = YES;
				SWIFT_VERSION = 5.0;
				TARGETED_DEVICE_FAMILY = 1;
			};
			name = Debug;
		};
		9914EEF02BF3590F00C6ECD6 /* Release */ = {
			isa = XCBuildConfiguration;
			buildSettings = {
				ASSETCATALOG_COMPILER_APPICON_NAME = AppIcon;
				ASSETCATALOG_COMPILER_GLOBAL_ACCENT_COLOR_NAME = AccentColor;
				CODE_SIGN_STYLE = Automatic;
				CURRENT_PROJECT_VERSION = 1;
				DEVELOPMENT_TEAM = Y2VDXSZQ3M;
				GENERATE_INFOPLIST_FILE = YES;
				INFOPLIST_FILE = Netflix_Project/Info.plist;
				INFOPLIST_KEY_UIApplicationSupportsIndirectInputEvents = YES;
				INFOPLIST_KEY_UILaunchStoryboardName = LaunchScreen;
				INFOPLIST_KEY_UIMainStoryboardFile = Main;
				INFOPLIST_KEY_UISupportedInterfaceOrientations_iPad = "UIInterfaceOrientationPortrait UIInterfaceOrientationPortraitUpsideDown UIInterfaceOrientationLandscapeLeft UIInterfaceOrientationLandscapeRight";
				INFOPLIST_KEY_UISupportedInterfaceOrientations_iPhone = "UIInterfaceOrientationPortrait UIInterfaceOrientationLandscapeLeft UIInterfaceOrientationLandscapeRight";
				IPHONEOS_DEPLOYMENT_TARGET = 16.0;
				LD_RUNPATH_SEARCH_PATHS = (
					"$(inherited)",
					"@executable_path/Frameworks",
				);
				MARKETING_VERSION = 1.0;
				PRODUCT_BUNDLE_IDENTIFIER = "com.yun.Netflix-Project";
				PRODUCT_NAME = "$(TARGET_NAME)";
				SUPPORTED_PLATFORMS = "iphoneos iphonesimulator";
				SUPPORTS_MACCATALYST = NO;
				SUPPORTS_MAC_DESIGNED_FOR_IPHONE_IPAD = NO;
				SUPPORTS_XR_DESIGNED_FOR_IPHONE_IPAD = NO;
				SWIFT_EMIT_LOC_STRINGS = YES;
				SWIFT_VERSION = 5.0;
				TARGETED_DEVICE_FAMILY = 1;
			};
			name = Release;
		};
/* End XCBuildConfiguration section */

/* Begin XCConfigurationList section */
		9914EED52BF3590D00C6ECD6 /* Build configuration list for PBXProject "Netflix_Project" */ = {
			isa = XCConfigurationList;
			buildConfigurations = (
				9914EEEC2BF3590F00C6ECD6 /* Debug */,
				9914EEED2BF3590F00C6ECD6 /* Release */,
			);
			defaultConfigurationIsVisible = 0;
			defaultConfigurationName = Release;
		};
		9914EEEE2BF3590F00C6ECD6 /* Build configuration list for PBXNativeTarget "Netflix_Project" */ = {
			isa = XCConfigurationList;
			buildConfigurations = (
				9914EEEF2BF3590F00C6ECD6 /* Debug */,
				9914EEF02BF3590F00C6ECD6 /* Release */,
			);
			defaultConfigurationIsVisible = 0;
			defaultConfigurationName = Release;
		};
/* End XCConfigurationList section */
	};
	rootObject = 9914EED22BF3590D00C6ECD6 /* Project object */;
}
